// !$*UTF8*$!
{
	archiveVersion = 1;
	classes = {
	};
	objectVersion = 56;
	objects = {

/* Begin PBXBuildFile section */
		A40378722A119FDF00B207A9 /* Globals.swift in Sources */ = {isa = PBXBuildFile; fileRef = A40378712A119FDF00B207A9 /* Globals.swift */; };
		A40378752A11A38500B207A9 /* BrandLogoView.swift in Sources */ = {isa = PBXBuildFile; fileRef = A40378742A11A38500B207A9 /* BrandLogoView.swift */; };
		A403787A2A11A5A200B207A9 /* HomeRootView.swift in Sources */ = {isa = PBXBuildFile; fileRef = A40378792A11A5A200B207A9 /* HomeRootView.swift */; };
		A403787C2A11A5BE00B207A9 /* LoginRootView.swift in Sources */ = {isa = PBXBuildFile; fileRef = A403787B2A11A5BE00B207A9 /* LoginRootView.swift */; };
		A403787E2A11AA7B00B207A9 /* GoogleService-Info.plist in Resources */ = {isa = PBXBuildFile; fileRef = A403787D2A11AA7B00B207A9 /* GoogleService-Info.plist */; };
		A40378812A11ABE700B207A9 /* FirebaseAuth in Frameworks */ = {isa = PBXBuildFile; productRef = A40378802A11ABE700B207A9 /* FirebaseAuth */; };
		A40378832A11ABE700B207A9 /* FirebaseAuthCombine-Community in Frameworks */ = {isa = PBXBuildFile; productRef = A40378822A11ABE700B207A9 /* FirebaseAuthCombine-Community */; };
		A40378852A11ABE700B207A9 /* FirebaseFirestore in Frameworks */ = {isa = PBXBuildFile; productRef = A40378842A11ABE700B207A9 /* FirebaseFirestore */; };
		A40378872A11ABE700B207A9 /* FirebaseFirestoreCombine-Community in Frameworks */ = {isa = PBXBuildFile; productRef = A40378862A11ABE700B207A9 /* FirebaseFirestoreCombine-Community */; };
		A40378892A11ABE700B207A9 /* FirebaseFirestoreSwift in Frameworks */ = {isa = PBXBuildFile; productRef = A40378882A11ABE700B207A9 /* FirebaseFirestoreSwift */; };
		A403788B2A11AEB700B207A9 /* SplashRootView.swift in Sources */ = {isa = PBXBuildFile; fileRef = A403788A2A11AEB700B207A9 /* SplashRootView.swift */; };
		A403788F2A11B0DB00B207A9 /* AuthenticationUtil.swift in Sources */ = {isa = PBXBuildFile; fileRef = A403788E2A11B0DB00B207A9 /* AuthenticationUtil.swift */; };
		A40378912A11B1D800B207A9 /* CreateAccountRootView.swift in Sources */ = {isa = PBXBuildFile; fileRef = A40378902A11B1D800B207A9 /* CreateAccountRootView.swift */; };
		A40378952A11B63700B207A9 /* HStackAuthStyle.swift in Sources */ = {isa = PBXBuildFile; fileRef = A40378942A11B63700B207A9 /* HStackAuthStyle.swift */; };
		A40378992A11BD3100B207A9 /* HuaButtonStyle.swift in Sources */ = {isa = PBXBuildFile; fileRef = A40378982A11BD3100B207A9 /* HuaButtonStyle.swift */; };
		A403789B2A146E7F00B207A9 /* AuthenticationRootView.swift in Sources */ = {isa = PBXBuildFile; fileRef = A403789A2A146E7F00B207A9 /* AuthenticationRootView.swift */; };
		A403789D2A148E2100B207A9 /* UserContext.swift in Sources */ = {isa = PBXBuildFile; fileRef = A403789C2A148E2100B207A9 /* UserContext.swift */; };
		A40378A02A1495DC00B207A9 /* AuthenticationError.swift in Sources */ = {isa = PBXBuildFile; fileRef = A403789F2A1495DC00B207A9 /* AuthenticationError.swift */; };
		A46175C12A119CDA006FF607 /* Assets.xcassets in Resources */ = {isa = PBXBuildFile; fileRef = A46175C02A119CDA006FF607 /* Assets.xcassets */; };
		A46175C42A119CDA006FF607 /* Preview Assets.xcassets in Resources */ = {isa = PBXBuildFile; fileRef = A46175C32A119CDA006FF607 /* Preview Assets.xcassets */; };
		A46175CE2A119CDA006FF607 /* plant_step_tracker_iosTests.swift in Sources */ = {isa = PBXBuildFile; fileRef = A46175CD2A119CDA006FF607 /* plant_step_tracker_iosTests.swift */; };
		A46175D82A119CDA006FF607 /* plant_step_tracker_iosUITests.swift in Sources */ = {isa = PBXBuildFile; fileRef = A46175D72A119CDA006FF607 /* plant_step_tracker_iosUITests.swift */; };
		A46175DA2A119CDA006FF607 /* plant_step_tracker_iosUITestsLaunchTests.swift in Sources */ = {isa = PBXBuildFile; fileRef = A46175D92A119CDA006FF607 /* plant_step_tracker_iosUITestsLaunchTests.swift */; };
		A46175E82A119DEF006FF607 /* MainApp.swift in Sources */ = {isa = PBXBuildFile; fileRef = A46175E72A119DEF006FF607 /* MainApp.swift */; };
		A4DAB3A52A15D00D00D31D85 /* HomePlantOverviewView.swift in Sources */ = {isa = PBXBuildFile; fileRef = A4DAB3A42A15D00D00D31D85 /* HomePlantOverviewView.swift */; };
/* End PBXBuildFile section */

/* Begin PBXContainerItemProxy section */
		A46175CA2A119CDA006FF607 /* PBXContainerItemProxy */ = {
			isa = PBXContainerItemProxy;
			containerPortal = A46175B12A119CD8006FF607 /* Project object */;
			proxyType = 1;
			remoteGlobalIDString = A46175B82A119CD8006FF607;
			remoteInfo = "plant-step-tracker-ios";
		};
		A46175D42A119CDA006FF607 /* PBXContainerItemProxy */ = {
			isa = PBXContainerItemProxy;
			containerPortal = A46175B12A119CD8006FF607 /* Project object */;
			proxyType = 1;
			remoteGlobalIDString = A46175B82A119CD8006FF607;
			remoteInfo = "plant-step-tracker-ios";
		};
/* End PBXContainerItemProxy section */

/* Begin PBXFileReference section */
		A40378712A119FDF00B207A9 /* Globals.swift */ = {isa = PBXFileReference; lastKnownFileType = sourcecode.swift; path = Globals.swift; sourceTree = "<group>"; };
		A40378742A11A38500B207A9 /* BrandLogoView.swift */ = {isa = PBXFileReference; lastKnownFileType = sourcecode.swift; path = BrandLogoView.swift; sourceTree = "<group>"; };
		A40378792A11A5A200B207A9 /* HomeRootView.swift */ = {isa = PBXFileReference; lastKnownFileType = sourcecode.swift; path = HomeRootView.swift; sourceTree = "<group>"; };
		A403787B2A11A5BE00B207A9 /* LoginRootView.swift */ = {isa = PBXFileReference; lastKnownFileType = sourcecode.swift; path = LoginRootView.swift; sourceTree = "<group>"; };
		A403787D2A11AA7B00B207A9 /* GoogleService-Info.plist */ = {isa = PBXFileReference; fileEncoding = 4; lastKnownFileType = text.plist.xml; path = "GoogleService-Info.plist"; sourceTree = "<group>"; };
		A403788A2A11AEB700B207A9 /* SplashRootView.swift */ = {isa = PBXFileReference; lastKnownFileType = sourcecode.swift; path = SplashRootView.swift; sourceTree = "<group>"; };
		A403788E2A11B0DB00B207A9 /* AuthenticationUtil.swift */ = {isa = PBXFileReference; lastKnownFileType = sourcecode.swift; path = AuthenticationUtil.swift; sourceTree = "<group>"; };
		A40378902A11B1D800B207A9 /* CreateAccountRootView.swift */ = {isa = PBXFileReference; lastKnownFileType = sourcecode.swift; path = CreateAccountRootView.swift; sourceTree = "<group>"; };
		A40378942A11B63700B207A9 /* HStackAuthStyle.swift */ = {isa = PBXFileReference; lastKnownFileType = sourcecode.swift; path = HStackAuthStyle.swift; sourceTree = "<group>"; };
		A40378982A11BD3100B207A9 /* HuaButtonStyle.swift */ = {isa = PBXFileReference; lastKnownFileType = sourcecode.swift; path = HuaButtonStyle.swift; sourceTree = "<group>"; };
		A403789A2A146E7F00B207A9 /* AuthenticationRootView.swift */ = {isa = PBXFileReference; lastKnownFileType = sourcecode.swift; path = AuthenticationRootView.swift; sourceTree = "<group>"; };
		A403789C2A148E2100B207A9 /* UserContext.swift */ = {isa = PBXFileReference; lastKnownFileType = sourcecode.swift; path = UserContext.swift; sourceTree = "<group>"; };
		A403789F2A1495DC00B207A9 /* AuthenticationError.swift */ = {isa = PBXFileReference; lastKnownFileType = sourcecode.swift; path = AuthenticationError.swift; sourceTree = "<group>"; };
		A46175B92A119CD8006FF607 /* plant-step-tracker-ios.app */ = {isa = PBXFileReference; explicitFileType = wrapper.application; includeInIndex = 0; path = "plant-step-tracker-ios.app"; sourceTree = BUILT_PRODUCTS_DIR; };
		A46175C02A119CDA006FF607 /* Assets.xcassets */ = {isa = PBXFileReference; lastKnownFileType = folder.assetcatalog; path = Assets.xcassets; sourceTree = "<group>"; };
		A46175C32A119CDA006FF607 /* Preview Assets.xcassets */ = {isa = PBXFileReference; lastKnownFileType = folder.assetcatalog; path = "Preview Assets.xcassets"; sourceTree = "<group>"; };
		A46175C92A119CDA006FF607 /* plant-step-tracker-iosTests.xctest */ = {isa = PBXFileReference; explicitFileType = wrapper.cfbundle; includeInIndex = 0; path = "plant-step-tracker-iosTests.xctest"; sourceTree = BUILT_PRODUCTS_DIR; };
		A46175CD2A119CDA006FF607 /* plant_step_tracker_iosTests.swift */ = {isa = PBXFileReference; lastKnownFileType = sourcecode.swift; path = plant_step_tracker_iosTests.swift; sourceTree = "<group>"; };
		A46175D32A119CDA006FF607 /* plant-step-tracker-iosUITests.xctest */ = {isa = PBXFileReference; explicitFileType = wrapper.cfbundle; includeInIndex = 0; path = "plant-step-tracker-iosUITests.xctest"; sourceTree = BUILT_PRODUCTS_DIR; };
		A46175D72A119CDA006FF607 /* plant_step_tracker_iosUITests.swift */ = {isa = PBXFileReference; lastKnownFileType = sourcecode.swift; path = plant_step_tracker_iosUITests.swift; sourceTree = "<group>"; };
		A46175D92A119CDA006FF607 /* plant_step_tracker_iosUITestsLaunchTests.swift */ = {isa = PBXFileReference; lastKnownFileType = sourcecode.swift; path = plant_step_tracker_iosUITestsLaunchTests.swift; sourceTree = "<group>"; };
		A46175E72A119DEF006FF607 /* MainApp.swift */ = {isa = PBXFileReference; lastKnownFileType = sourcecode.swift; path = MainApp.swift; sourceTree = "<group>"; };
		A4DAB3A42A15D00D00D31D85 /* HomePlantOverviewView.swift */ = {isa = PBXFileReference; lastKnownFileType = sourcecode.swift; path = HomePlantOverviewView.swift; sourceTree = "<group>"; };
/* End PBXFileReference section */

/* Begin PBXFrameworksBuildPhase section */
		A46175B62A119CD8006FF607 /* Frameworks */ = {
			isa = PBXFrameworksBuildPhase;
			buildActionMask = 2147483647;
			files = (
				A40378892A11ABE700B207A9 /* FirebaseFirestoreSwift in Frameworks */,
				A40378812A11ABE700B207A9 /* FirebaseAuth in Frameworks */,
				A40378872A11ABE700B207A9 /* FirebaseFirestoreCombine-Community in Frameworks */,
				A40378832A11ABE700B207A9 /* FirebaseAuthCombine-Community in Frameworks */,
				A40378852A11ABE700B207A9 /* FirebaseFirestore in Frameworks */,
			);
			runOnlyForDeploymentPostprocessing = 0;
		};
		A46175C62A119CDA006FF607 /* Frameworks */ = {
			isa = PBXFrameworksBuildPhase;
			buildActionMask = 2147483647;
			files = (
			);
			runOnlyForDeploymentPostprocessing = 0;
		};
		A46175D02A119CDA006FF607 /* Frameworks */ = {
			isa = PBXFrameworksBuildPhase;
			buildActionMask = 2147483647;
			files = (
			);
			runOnlyForDeploymentPostprocessing = 0;
		};
/* End PBXFrameworksBuildPhase section */

/* Begin PBXGroup section */
		A40378732A11A36D00B207A9 /* Styles */ = {
			isa = PBXGroup;
			children = (
				A40378742A11A38500B207A9 /* BrandLogoView.swift */,
				A40378942A11B63700B207A9 /* HStackAuthStyle.swift */,
				A40378982A11BD3100B207A9 /* HuaButtonStyle.swift */,
			);
			path = Styles;
			sourceTree = "<group>";
		};
		A40378762A11A54D00B207A9 /* Home */ = {
			isa = PBXGroup;
			children = (
				A40378792A11A5A200B207A9 /* HomeRootView.swift */,
				A4DAB3A42A15D00D00D31D85 /* HomePlantOverviewView.swift */,
			);
			path = Home;
			sourceTree = "<group>";
		};
		A403788C2A11AEC100B207A9 /* Splash */ = {
			isa = PBXGroup;
			children = (
				A403788A2A11AEB700B207A9 /* SplashRootView.swift */,
			);
			path = Splash;
			sourceTree = "<group>";
		};
		A403788D2A11AFD300B207A9 /* Authentication */ = {
			isa = PBXGroup;
			children = (
				A403787B2A11A5BE00B207A9 /* LoginRootView.swift */,
				A403788E2A11B0DB00B207A9 /* AuthenticationUtil.swift */,
				A40378902A11B1D800B207A9 /* CreateAccountRootView.swift */,
				A403789A2A146E7F00B207A9 /* AuthenticationRootView.swift */,
			);
			path = Authentication;
			sourceTree = "<group>";
		};
		A403789E2A148E2700B207A9 /* User */ = {
			isa = PBXGroup;
			children = (
				A403789C2A148E2100B207A9 /* UserContext.swift */,
			);
			path = User;
			sourceTree = "<group>";
		};
		A436096F2A171569003107D1 /* Views */ = {
			isa = PBXGroup;
			children = (
				A40378762A11A54D00B207A9 /* Home */,
				A403788C2A11AEC100B207A9 /* Splash */,
				A403788D2A11AFD300B207A9 /* Authentication */,
			);
			path = Views;
			sourceTree = "<group>";
		};
		A43609712A171585003107D1 /* ViewModels */ = {
			isa = PBXGroup;
			children = (
			);
			path = ViewModels;
			sourceTree = "<group>";
		};
		A43609722A171590003107D1 /* Models */ = {
			isa = PBXGroup;
			children = (
				A43609732A1715AF003107D1 /* Authentication */,
				A403789E2A148E2700B207A9 /* User */,
			);
			path = Models;
			sourceTree = "<group>";
		};
		A43609732A1715AF003107D1 /* Authentication */ = {
			isa = PBXGroup;
			children = (
				A403789F2A1495DC00B207A9 /* AuthenticationError.swift */,
			);
			path = Authentication;
			sourceTree = "<group>";
		};
		A46175B02A119CD8006FF607 = {
			isa = PBXGroup;
			children = (
				A403787D2A11AA7B00B207A9 /* GoogleService-Info.plist */,
				A46175BB2A119CD8006FF607 /* plant-step-tracker-ios */,
				A46175CC2A119CDA006FF607 /* plant-step-tracker-iosTests */,
				A46175D62A119CDA006FF607 /* plant-step-tracker-iosUITests */,
				A46175BA2A119CD8006FF607 /* Products */,
			);
			sourceTree = "<group>";
		};
		A46175BA2A119CD8006FF607 /* Products */ = {
			isa = PBXGroup;
			children = (
				A46175B92A119CD8006FF607 /* plant-step-tracker-ios.app */,
				A46175C92A119CDA006FF607 /* plant-step-tracker-iosTests.xctest */,
				A46175D32A119CDA006FF607 /* plant-step-tracker-iosUITests.xctest */,
			);
			name = Products;
			sourceTree = "<group>";
		};
		A46175BB2A119CD8006FF607 /* plant-step-tracker-ios */ = {
			isa = PBXGroup;
			children = (
				A43609722A171590003107D1 /* Models */,
				A43609712A171585003107D1 /* ViewModels */,
				A436096F2A171569003107D1 /* Views */,
				A40378732A11A36D00B207A9 /* Styles */,
				A46175E72A119DEF006FF607 /* MainApp.swift */,
				A40378712A119FDF00B207A9 /* Globals.swift */,
				A46175C02A119CDA006FF607 /* Assets.xcassets */,
				A46175C22A119CDA006FF607 /* Preview Content */,
			);
			path = "plant-step-tracker-ios";
			sourceTree = "<group>";
		};
		A46175C22A119CDA006FF607 /* Preview Content */ = {
			isa = PBXGroup;
			children = (
				A46175C32A119CDA006FF607 /* Preview Assets.xcassets */,
			);
			path = "Preview Content";
			sourceTree = "<group>";
		};
		A46175CC2A119CDA006FF607 /* plant-step-tracker-iosTests */ = {
			isa = PBXGroup;
			children = (
				A46175CD2A119CDA006FF607 /* plant_step_tracker_iosTests.swift */,
			);
			path = "plant-step-tracker-iosTests";
			sourceTree = "<group>";
		};
		A46175D62A119CDA006FF607 /* plant-step-tracker-iosUITests */ = {
			isa = PBXGroup;
			children = (
				A46175D72A119CDA006FF607 /* plant_step_tracker_iosUITests.swift */,
				A46175D92A119CDA006FF607 /* plant_step_tracker_iosUITestsLaunchTests.swift */,
			);
			path = "plant-step-tracker-iosUITests";
			sourceTree = "<group>";
		};
/* End PBXGroup section */

/* Begin PBXNativeTarget section */
		A46175B82A119CD8006FF607 /* plant-step-tracker-ios */ = {
			isa = PBXNativeTarget;
			buildConfigurationList = A46175DD2A119CDA006FF607 /* Build configuration list for PBXNativeTarget "plant-step-tracker-ios" */;
			buildPhases = (
				A46175B52A119CD8006FF607 /* Sources */,
				A46175B62A119CD8006FF607 /* Frameworks */,
				A46175B72A119CD8006FF607 /* Resources */,
			);
			buildRules = (
			);
			dependencies = (
			);
			name = "plant-step-tracker-ios";
			packageProductDependencies = (
				A40378802A11ABE700B207A9 /* FirebaseAuth */,
				A40378822A11ABE700B207A9 /* FirebaseAuthCombine-Community */,
				A40378842A11ABE700B207A9 /* FirebaseFirestore */,
				A40378862A11ABE700B207A9 /* FirebaseFirestoreCombine-Community */,
				A40378882A11ABE700B207A9 /* FirebaseFirestoreSwift */,
			);
			productName = "plant-step-tracker-ios";
			productReference = A46175B92A119CD8006FF607 /* plant-step-tracker-ios.app */;
			productType = "com.apple.product-type.application";
		};
		A46175C82A119CDA006FF607 /* plant-step-tracker-iosTests */ = {
			isa = PBXNativeTarget;
			buildConfigurationList = A46175E02A119CDA006FF607 /* Build configuration list for PBXNativeTarget "plant-step-tracker-iosTests" */;
			buildPhases = (
				A46175C52A119CDA006FF607 /* Sources */,
				A46175C62A119CDA006FF607 /* Frameworks */,
				A46175C72A119CDA006FF607 /* Resources */,
			);
			buildRules = (
			);
			dependencies = (
				A46175CB2A119CDA006FF607 /* PBXTargetDependency */,
			);
			name = "plant-step-tracker-iosTests";
			productName = "plant-step-tracker-iosTests";
			productReference = A46175C92A119CDA006FF607 /* plant-step-tracker-iosTests.xctest */;
			productType = "com.apple.product-type.bundle.unit-test";
		};
		A46175D22A119CDA006FF607 /* plant-step-tracker-iosUITests */ = {
			isa = PBXNativeTarget;
			buildConfigurationList = A46175E32A119CDA006FF607 /* Build configuration list for PBXNativeTarget "plant-step-tracker-iosUITests" */;
			buildPhases = (
				A46175CF2A119CDA006FF607 /* Sources */,
				A46175D02A119CDA006FF607 /* Frameworks */,
				A46175D12A119CDA006FF607 /* Resources */,
			);
			buildRules = (
			);
			dependencies = (
				A46175D52A119CDA006FF607 /* PBXTargetDependency */,
			);
			name = "plant-step-tracker-iosUITests";
			productName = "plant-step-tracker-iosUITests";
			productReference = A46175D32A119CDA006FF607 /* plant-step-tracker-iosUITests.xctest */;
			productType = "com.apple.product-type.bundle.ui-testing";
		};
/* End PBXNativeTarget section */

/* Begin PBXProject section */
		A46175B12A119CD8006FF607 /* Project object */ = {
			isa = PBXProject;
			attributes = {
				BuildIndependentTargetsInParallel = 1;
				LastSwiftUpdateCheck = 1430;
				LastUpgradeCheck = 1430;
				TargetAttributes = {
					A46175B82A119CD8006FF607 = {
						CreatedOnToolsVersion = 14.3;
					};
					A46175C82A119CDA006FF607 = {
						CreatedOnToolsVersion = 14.3;
						TestTargetID = A46175B82A119CD8006FF607;
					};
					A46175D22A119CDA006FF607 = {
						CreatedOnToolsVersion = 14.3;
						TestTargetID = A46175B82A119CD8006FF607;
					};
				};
			};
			buildConfigurationList = A46175B42A119CD8006FF607 /* Build configuration list for PBXProject "plant-step-tracker-ios" */;
			compatibilityVersion = "Xcode 14.0";
			developmentRegion = en;
			hasScannedForEncodings = 0;
			knownRegions = (
				en,
				Base,
			);
			mainGroup = A46175B02A119CD8006FF607;
			packageReferences = (
				A403787F2A11ABE700B207A9 /* XCRemoteSwiftPackageReference "firebase-ios-sdk" */,
			);
			productRefGroup = A46175BA2A119CD8006FF607 /* Products */;
			projectDirPath = "";
			projectRoot = "";
			targets = (
				A46175B82A119CD8006FF607 /* plant-step-tracker-ios */,
				A46175C82A119CDA006FF607 /* plant-step-tracker-iosTests */,
				A46175D22A119CDA006FF607 /* plant-step-tracker-iosUITests */,
			);
		};
/* End PBXProject section */

/* Begin PBXResourcesBuildPhase section */
		A46175B72A119CD8006FF607 /* Resources */ = {
			isa = PBXResourcesBuildPhase;
			buildActionMask = 2147483647;
			files = (
				A46175C42A119CDA006FF607 /* Preview Assets.xcassets in Resources */,
				A46175C12A119CDA006FF607 /* Assets.xcassets in Resources */,
				A403787E2A11AA7B00B207A9 /* GoogleService-Info.plist in Resources */,
			);
			runOnlyForDeploymentPostprocessing = 0;
		};
		A46175C72A119CDA006FF607 /* Resources */ = {
			isa = PBXResourcesBuildPhase;
			buildActionMask = 2147483647;
			files = (
			);
			runOnlyForDeploymentPostprocessing = 0;
		};
		A46175D12A119CDA006FF607 /* Resources */ = {
			isa = PBXResourcesBuildPhase;
			buildActionMask = 2147483647;
			files = (
			);
			runOnlyForDeploymentPostprocessing = 0;
		};
/* End PBXResourcesBuildPhase section */

/* Begin PBXSourcesBuildPhase section */
		A46175B52A119CD8006FF607 /* Sources */ = {
			isa = PBXSourcesBuildPhase;
			buildActionMask = 2147483647;
			files = (
				A403788F2A11B0DB00B207A9 /* AuthenticationUtil.swift in Sources */,
				A403787C2A11A5BE00B207A9 /* LoginRootView.swift in Sources */,
				A403787A2A11A5A200B207A9 /* HomeRootView.swift in Sources */,
				A40378752A11A38500B207A9 /* BrandLogoView.swift in Sources */,
				A403789D2A148E2100B207A9 /* UserContext.swift in Sources */,
				A40378992A11BD3100B207A9 /* HuaButtonStyle.swift in Sources */,
				A46175E82A119DEF006FF607 /* MainApp.swift in Sources */,
				A40378722A119FDF00B207A9 /* Globals.swift in Sources */,
				A403789B2A146E7F00B207A9 /* AuthenticationRootView.swift in Sources */,
				A40378952A11B63700B207A9 /* HStackAuthStyle.swift in Sources */,
				A40378912A11B1D800B207A9 /* CreateAccountRootView.swift in Sources */,
				A403788B2A11AEB700B207A9 /* SplashRootView.swift in Sources */,
				A4DAB3A52A15D00D00D31D85 /* HomePlantOverviewView.swift in Sources */,
				A40378A02A1495DC00B207A9 /* AuthenticationError.swift in Sources */,
			);
			runOnlyForDeploymentPostprocessing = 0;
		};
		A46175C52A119CDA006FF607 /* Sources */ = {
			isa = PBXSourcesBuildPhase;
			buildActionMask = 2147483647;
			files = (
				A46175CE2A119CDA006FF607 /* plant_step_tracker_iosTests.swift in Sources */,
			);
			runOnlyForDeploymentPostprocessing = 0;
		};
		A46175CF2A119CDA006FF607 /* Sources */ = {
			isa = PBXSourcesBuildPhase;
			buildActionMask = 2147483647;
			files = (
				A46175D82A119CDA006FF607 /* plant_step_tracker_iosUITests.swift in Sources */,
				A46175DA2A119CDA006FF607 /* plant_step_tracker_iosUITestsLaunchTests.swift in Sources */,
			);
			runOnlyForDeploymentPostprocessing = 0;
		};
/* End PBXSourcesBuildPhase section */

/* Begin PBXTargetDependency section */
		A46175CB2A119CDA006FF607 /* PBXTargetDependency */ = {
			isa = PBXTargetDependency;
			target = A46175B82A119CD8006FF607 /* plant-step-tracker-ios */;
			targetProxy = A46175CA2A119CDA006FF607 /* PBXContainerItemProxy */;
		};
		A46175D52A119CDA006FF607 /* PBXTargetDependency */ = {
			isa = PBXTargetDependency;
			target = A46175B82A119CD8006FF607 /* plant-step-tracker-ios */;
			targetProxy = A46175D42A119CDA006FF607 /* PBXContainerItemProxy */;
		};
/* End PBXTargetDependency section */

/* Begin XCBuildConfiguration section */
		A46175DB2A119CDA006FF607 /* Debug */ = {
			isa = XCBuildConfiguration;
			buildSettings = {
				ALWAYS_SEARCH_USER_PATHS = NO;
				CLANG_ANALYZER_NONNULL = YES;
				CLANG_ANALYZER_NUMBER_OBJECT_CONVERSION = YES_AGGRESSIVE;
				CLANG_CXX_LANGUAGE_STANDARD = "gnu++20";
				CLANG_ENABLE_MODULES = YES;
				CLANG_ENABLE_OBJC_ARC = YES;
				CLANG_ENABLE_OBJC_WEAK = YES;
				CLANG_WARN_BLOCK_CAPTURE_AUTORELEASING = YES;
				CLANG_WARN_BOOL_CONVERSION = YES;
				CLANG_WARN_COMMA = YES;
				CLANG_WARN_CONSTANT_CONVERSION = YES;
				CLANG_WARN_DEPRECATED_OBJC_IMPLEMENTATIONS = YES;
				CLANG_WARN_DIRECT_OBJC_ISA_USAGE = YES_ERROR;
				CLANG_WARN_DOCUMENTATION_COMMENTS = YES;
				CLANG_WARN_EMPTY_BODY = YES;
				CLANG_WARN_ENUM_CONVERSION = YES;
				CLANG_WARN_INFINITE_RECURSION = YES;
				CLANG_WARN_INT_CONVERSION = YES;
				CLANG_WARN_NON_LITERAL_NULL_CONVERSION = YES;
				CLANG_WARN_OBJC_IMPLICIT_RETAIN_SELF = YES;
				CLANG_WARN_OBJC_LITERAL_CONVERSION = YES;
				CLANG_WARN_OBJC_ROOT_CLASS = YES_ERROR;
				CLANG_WARN_QUOTED_INCLUDE_IN_FRAMEWORK_HEADER = YES;
				CLANG_WARN_RANGE_LOOP_ANALYSIS = YES;
				CLANG_WARN_STRICT_PROTOTYPES = YES;
				CLANG_WARN_SUSPICIOUS_MOVE = YES;
				CLANG_WARN_UNGUARDED_AVAILABILITY = YES_AGGRESSIVE;
				CLANG_WARN_UNREACHABLE_CODE = YES;
				CLANG_WARN__DUPLICATE_METHOD_MATCH = YES;
				COPY_PHASE_STRIP = NO;
				DEBUG_INFORMATION_FORMAT = dwarf;
				ENABLE_STRICT_OBJC_MSGSEND = YES;
				ENABLE_TESTABILITY = YES;
				GCC_C_LANGUAGE_STANDARD = gnu11;
				GCC_DYNAMIC_NO_PIC = NO;
				GCC_NO_COMMON_BLOCKS = YES;
				GCC_OPTIMIZATION_LEVEL = 0;
				GCC_PREPROCESSOR_DEFINITIONS = (
					"DEBUG=1",
					"$(inherited)",
				);
				GCC_WARN_64_TO_32_BIT_CONVERSION = YES;
				GCC_WARN_ABOUT_RETURN_TYPE = YES_ERROR;
				GCC_WARN_UNDECLARED_SELECTOR = YES;
				GCC_WARN_UNINITIALIZED_AUTOS = YES_AGGRESSIVE;
				GCC_WARN_UNUSED_FUNCTION = YES;
				GCC_WARN_UNUSED_VARIABLE = YES;
				IPHONEOS_DEPLOYMENT_TARGET = 16.4;
				MTL_ENABLE_DEBUG_INFO = INCLUDE_SOURCE;
				MTL_FAST_MATH = YES;
				ONLY_ACTIVE_ARCH = YES;
				SDKROOT = iphoneos;
				SWIFT_ACTIVE_COMPILATION_CONDITIONS = DEBUG;
				SWIFT_OPTIMIZATION_LEVEL = "-Onone";
			};
			name = Debug;
		};
		A46175DC2A119CDA006FF607 /* Release */ = {
			isa = XCBuildConfiguration;
			buildSettings = {
				ALWAYS_SEARCH_USER_PATHS = NO;
				CLANG_ANALYZER_NONNULL = YES;
				CLANG_ANALYZER_NUMBER_OBJECT_CONVERSION = YES_AGGRESSIVE;
				CLANG_CXX_LANGUAGE_STANDARD = "gnu++20";
				CLANG_ENABLE_MODULES = YES;
				CLANG_ENABLE_OBJC_ARC = YES;
				CLANG_ENABLE_OBJC_WEAK = YES;
				CLANG_WARN_BLOCK_CAPTURE_AUTORELEASING = YES;
				CLANG_WARN_BOOL_CONVERSION = YES;
				CLANG_WARN_COMMA = YES;
				CLANG_WARN_CONSTANT_CONVERSION = YES;
				CLANG_WARN_DEPRECATED_OBJC_IMPLEMENTATIONS = YES;
				CLANG_WARN_DIRECT_OBJC_ISA_USAGE = YES_ERROR;
				CLANG_WARN_DOCUMENTATION_COMMENTS = YES;
				CLANG_WARN_EMPTY_BODY = YES;
				CLANG_WARN_ENUM_CONVERSION = YES;
				CLANG_WARN_INFINITE_RECURSION = YES;
				CLANG_WARN_INT_CONVERSION = YES;
				CLANG_WARN_NON_LITERAL_NULL_CONVERSION = YES;
				CLANG_WARN_OBJC_IMPLICIT_RETAIN_SELF = YES;
				CLANG_WARN_OBJC_LITERAL_CONVERSION = YES;
				CLANG_WARN_OBJC_ROOT_CLASS = YES_ERROR;
				CLANG_WARN_QUOTED_INCLUDE_IN_FRAMEWORK_HEADER = YES;
				CLANG_WARN_RANGE_LOOP_ANALYSIS = YES;
				CLANG_WARN_STRICT_PROTOTYPES = YES;
				CLANG_WARN_SUSPICIOUS_MOVE = YES;
				CLANG_WARN_UNGUARDED_AVAILABILITY = YES_AGGRESSIVE;
				CLANG_WARN_UNREACHABLE_CODE = YES;
				CLANG_WARN__DUPLICATE_METHOD_MATCH = YES;
				COPY_PHASE_STRIP = NO;
				DEBUG_INFORMATION_FORMAT = "dwarf-with-dsym";
				ENABLE_NS_ASSERTIONS = NO;
				ENABLE_STRICT_OBJC_MSGSEND = YES;
				GCC_C_LANGUAGE_STANDARD = gnu11;
				GCC_NO_COMMON_BLOCKS = YES;
				GCC_WARN_64_TO_32_BIT_CONVERSION = YES;
				GCC_WARN_ABOUT_RETURN_TYPE = YES_ERROR;
				GCC_WARN_UNDECLARED_SELECTOR = YES;
				GCC_WARN_UNINITIALIZED_AUTOS = YES_AGGRESSIVE;
				GCC_WARN_UNUSED_FUNCTION = YES;
				GCC_WARN_UNUSED_VARIABLE = YES;
				IPHONEOS_DEPLOYMENT_TARGET = 16.4;
				MTL_ENABLE_DEBUG_INFO = NO;
				MTL_FAST_MATH = YES;
				SDKROOT = iphoneos;
				SWIFT_COMPILATION_MODE = wholemodule;
				SWIFT_OPTIMIZATION_LEVEL = "-O";
				VALIDATE_PRODUCT = YES;
			};
			name = Release;
		};
		A46175DE2A119CDA006FF607 /* Debug */ = {
			isa = XCBuildConfiguration;
			buildSettings = {
				ASSETCATALOG_COMPILER_APPICON_NAME = AppIcon;
				ASSETCATALOG_COMPILER_GLOBAL_ACCENT_COLOR_NAME = AccentColor;
				CODE_SIGN_STYLE = Automatic;
				CURRENT_PROJECT_VERSION = 1;
				DEVELOPMENT_ASSET_PATHS = "\"plant-step-tracker-ios/Preview Content\"";
				DEVELOPMENT_TEAM = QHL9UMCU7L;
				ENABLE_PREVIEWS = YES;
				GENERATE_INFOPLIST_FILE = YES;
				INFOPLIST_KEY_UIApplicationSceneManifest_Generation = YES;
				INFOPLIST_KEY_UIApplicationSupportsIndirectInputEvents = YES;
				INFOPLIST_KEY_UILaunchScreen_Generation = YES;
				INFOPLIST_KEY_UISupportedInterfaceOrientations_iPad = "UIInterfaceOrientationPortrait UIInterfaceOrientationPortraitUpsideDown UIInterfaceOrientationLandscapeLeft UIInterfaceOrientationLandscapeRight";
				INFOPLIST_KEY_UISupportedInterfaceOrientations_iPhone = "UIInterfaceOrientationPortrait UIInterfaceOrientationLandscapeLeft UIInterfaceOrientationLandscapeRight";
				LD_RUNPATH_SEARCH_PATHS = (
					"$(inherited)",
					"@executable_path/Frameworks",
				);
				MARKETING_VERSION = 1.0;
				PRODUCT_BUNDLE_IDENTIFIER = "com.torrancecui.plant-step-tracker-ios";
				PRODUCT_NAME = "$(TARGET_NAME)";
				SWIFT_EMIT_LOC_STRINGS = YES;
				SWIFT_VERSION = 5.0;
				TARGETED_DEVICE_FAMILY = "1,2";
			};
			name = Debug;
		};
		A46175DF2A119CDA006FF607 /* Release */ = {
			isa = XCBuildConfiguration;
			buildSettings = {
				ASSETCATALOG_COMPILER_APPICON_NAME = AppIcon;
				ASSETCATALOG_COMPILER_GLOBAL_ACCENT_COLOR_NAME = AccentColor;
				CODE_SIGN_STYLE = Automatic;
				CURRENT_PROJECT_VERSION = 1;
				DEVELOPMENT_ASSET_PATHS = "\"plant-step-tracker-ios/Preview Content\"";
				DEVELOPMENT_TEAM = QHL9UMCU7L;
				ENABLE_PREVIEWS = YES;
				GENERATE_INFOPLIST_FILE = YES;
				INFOPLIST_KEY_UIApplicationSceneManifest_Generation = YES;
				INFOPLIST_KEY_UIApplicationSupportsIndirectInputEvents = YES;
				INFOPLIST_KEY_UILaunchScreen_Generation = YES;
				INFOPLIST_KEY_UISupportedInterfaceOrientations_iPad = "UIInterfaceOrientationPortrait UIInterfaceOrientationPortraitUpsideDown UIInterfaceOrientationLandscapeLeft UIInterfaceOrientationLandscapeRight";
				INFOPLIST_KEY_UISupportedInterfaceOrientations_iPhone = "UIInterfaceOrientationPortrait UIInterfaceOrientationLandscapeLeft UIInterfaceOrientationLandscapeRight";
				LD_RUNPATH_SEARCH_PATHS = (
					"$(inherited)",
					"@executable_path/Frameworks",
				);
				MARKETING_VERSION = 1.0;
				PRODUCT_BUNDLE_IDENTIFIER = "com.torrancecui.plant-step-tracker-ios";
				PRODUCT_NAME = "$(TARGET_NAME)";
				SWIFT_EMIT_LOC_STRINGS = YES;
				SWIFT_VERSION = 5.0;
				TARGETED_DEVICE_FAMILY = "1,2";
			};
			name = Release;
		};
		A46175E12A119CDA006FF607 /* Debug */ = {
			isa = XCBuildConfiguration;
			buildSettings = {
				ALWAYS_EMBED_SWIFT_STANDARD_LIBRARIES = YES;
				BUNDLE_LOADER = "$(TEST_HOST)";
				CODE_SIGN_STYLE = Automatic;
				CURRENT_PROJECT_VERSION = 1;
				DEVELOPMENT_TEAM = QHL9UMCU7L;
				GENERATE_INFOPLIST_FILE = YES;
				IPHONEOS_DEPLOYMENT_TARGET = 16.4;
				MARKETING_VERSION = 1.0;
				PRODUCT_BUNDLE_IDENTIFIER = "com.torrancecui.plant-step-tracker-iosTests";
				PRODUCT_NAME = "$(TARGET_NAME)";
				SWIFT_EMIT_LOC_STRINGS = NO;
				SWIFT_VERSION = 5.0;
				TARGETED_DEVICE_FAMILY = "1,2";
				TEST_HOST = "$(BUILT_PRODUCTS_DIR)/plant-step-tracker-ios.app/$(BUNDLE_EXECUTABLE_FOLDER_PATH)/plant-step-tracker-ios";
			};
			name = Debug;
		};
		A46175E22A119CDA006FF607 /* Release */ = {
			isa = XCBuildConfiguration;
			buildSettings = {
				ALWAYS_EMBED_SWIFT_STANDARD_LIBRARIES = YES;
				BUNDLE_LOADER = "$(TEST_HOST)";
				CODE_SIGN_STYLE = Automatic;
				CURRENT_PROJECT_VERSION = 1;
				DEVELOPMENT_TEAM = QHL9UMCU7L;
				GENERATE_INFOPLIST_FILE = YES;
				IPHONEOS_DEPLOYMENT_TARGET = 16.4;
				MARKETING_VERSION = 1.0;
				PRODUCT_BUNDLE_IDENTIFIER = "com.torrancecui.plant-step-tracker-iosTests";
				PRODUCT_NAME = "$(TARGET_NAME)";
				SWIFT_EMIT_LOC_STRINGS = NO;
				SWIFT_VERSION = 5.0;
				TARGETED_DEVICE_FAMILY = "1,2";
				TEST_HOST = "$(BUILT_PRODUCTS_DIR)/plant-step-tracker-ios.app/$(BUNDLE_EXECUTABLE_FOLDER_PATH)/plant-step-tracker-ios";
			};
			name = Release;
		};
		A46175E42A119CDA006FF607 /* Debug */ = {
			isa = XCBuildConfiguration;
			buildSettings = {
				ALWAYS_EMBED_SWIFT_STANDARD_LIBRARIES = YES;
				CODE_SIGN_STYLE = Automatic;
				CURRENT_PROJECT_VERSION = 1;
				DEVELOPMENT_TEAM = QHL9UMCU7L;
				GENERATE_INFOPLIST_FILE = YES;
				MARKETING_VERSION = 1.0;
				PRODUCT_BUNDLE_IDENTIFIER = "com.torrancecui.plant-step-tracker-iosUITests";
				PRODUCT_NAME = "$(TARGET_NAME)";
				SWIFT_EMIT_LOC_STRINGS = NO;
				SWIFT_VERSION = 5.0;
				TARGETED_DEVICE_FAMILY = "1,2";
				TEST_TARGET_NAME = "plant-step-tracker-ios";
			};
			name = Debug;
		};
		A46175E52A119CDA006FF607 /* Release */ = {
			isa = XCBuildConfiguration;
			buildSettings = {
				ALWAYS_EMBED_SWIFT_STANDARD_LIBRARIES = YES;
				CODE_SIGN_STYLE = Automatic;
				CURRENT_PROJECT_VERSION = 1;
				DEVELOPMENT_TEAM = QHL9UMCU7L;
				GENERATE_INFOPLIST_FILE = YES;
				MARKETING_VERSION = 1.0;
				PRODUCT_BUNDLE_IDENTIFIER = "com.torrancecui.plant-step-tracker-iosUITests";
				PRODUCT_NAME = "$(TARGET_NAME)";
				SWIFT_EMIT_LOC_STRINGS = NO;
				SWIFT_VERSION = 5.0;
				TARGETED_DEVICE_FAMILY = "1,2";
				TEST_TARGET_NAME = "plant-step-tracker-ios";
			};
			name = Release;
		};
/* End XCBuildConfiguration section */

/* Begin XCConfigurationList section */
		A46175B42A119CD8006FF607 /* Build configuration list for PBXProject "plant-step-tracker-ios" */ = {
			isa = XCConfigurationList;
			buildConfigurations = (
				A46175DB2A119CDA006FF607 /* Debug */,
				A46175DC2A119CDA006FF607 /* Release */,
			);
			defaultConfigurationIsVisible = 0;
			defaultConfigurationName = Release;
		};
		A46175DD2A119CDA006FF607 /* Build configuration list for PBXNativeTarget "plant-step-tracker-ios" */ = {
			isa = XCConfigurationList;
			buildConfigurations = (
				A46175DE2A119CDA006FF607 /* Debug */,
				A46175DF2A119CDA006FF607 /* Release */,
			);
			defaultConfigurationIsVisible = 0;
			defaultConfigurationName = Release;
		};
		A46175E02A119CDA006FF607 /* Build configuration list for PBXNativeTarget "plant-step-tracker-iosTests" */ = {
			isa = XCConfigurationList;
			buildConfigurations = (
				A46175E12A119CDA006FF607 /* Debug */,
				A46175E22A119CDA006FF607 /* Release */,
			);
			defaultConfigurationIsVisible = 0;
			defaultConfigurationName = Release;
		};
		A46175E32A119CDA006FF607 /* Build configuration list for PBXNativeTarget "plant-step-tracker-iosUITests" */ = {
			isa = XCConfigurationList;
			buildConfigurations = (
				A46175E42A119CDA006FF607 /* Debug */,
				A46175E52A119CDA006FF607 /* Release */,
			);
			defaultConfigurationIsVisible = 0;
			defaultConfigurationName = Release;
		};
/* End XCConfigurationList section */

/* Begin XCRemoteSwiftPackageReference section */
		A403787F2A11ABE700B207A9 /* XCRemoteSwiftPackageReference "firebase-ios-sdk" */ = {
			isa = XCRemoteSwiftPackageReference;
			repositoryURL = "https://github.com/firebase/firebase-ios-sdk.git";
			requirement = {
				kind = upToNextMajorVersion;
				minimumVersion = 10.0.0;
			};
		};
/* End XCRemoteSwiftPackageReference section */

/* Begin XCSwiftPackageProductDependency section */
		A40378802A11ABE700B207A9 /* FirebaseAuth */ = {
			isa = XCSwiftPackageProductDependency;
			package = A403787F2A11ABE700B207A9 /* XCRemoteSwiftPackageReference "firebase-ios-sdk" */;
			productName = FirebaseAuth;
		};
		A40378822A11ABE700B207A9 /* FirebaseAuthCombine-Community */ = {
			isa = XCSwiftPackageProductDependency;
			package = A403787F2A11ABE700B207A9 /* XCRemoteSwiftPackageReference "firebase-ios-sdk" */;
			productName = "FirebaseAuthCombine-Community";
		};
		A40378842A11ABE700B207A9 /* FirebaseFirestore */ = {
			isa = XCSwiftPackageProductDependency;
			package = A403787F2A11ABE700B207A9 /* XCRemoteSwiftPackageReference "firebase-ios-sdk" */;
			productName = FirebaseFirestore;
		};
		A40378862A11ABE700B207A9 /* FirebaseFirestoreCombine-Community */ = {
			isa = XCSwiftPackageProductDependency;
			package = A403787F2A11ABE700B207A9 /* XCRemoteSwiftPackageReference "firebase-ios-sdk" */;
			productName = "FirebaseFirestoreCombine-Community";
		};
		A40378882A11ABE700B207A9 /* FirebaseFirestoreSwift */ = {
			isa = XCSwiftPackageProductDependency;
			package = A403787F2A11ABE700B207A9 /* XCRemoteSwiftPackageReference "firebase-ios-sdk" */;
			productName = FirebaseFirestoreSwift;
		};
/* End XCSwiftPackageProductDependency section */
	};
	rootObject = A46175B12A119CD8006FF607 /* Project object */;
}
